// !$*UTF8*$!
{
	archiveVersion = 1;
	classes = {
	};
	objectVersion = 46;
	objects = {

/* Begin PBXBuildFile section */
		09B6165B1834CC520077A4E7 /* Foundation.framework in Frameworks */ = {isa = PBXBuildFile; fileRef = 09B6165A1834CC520077A4E7 /* Foundation.framework */; };
		09B6165D1834CC520077A4E7 /* CoreGraphics.framework in Frameworks */ = {isa = PBXBuildFile; fileRef = 09B6165C1834CC520077A4E7 /* CoreGraphics.framework */; };
		09B6165F1834CC520077A4E7 /* UIKit.framework in Frameworks */ = {isa = PBXBuildFile; fileRef = 09B6165E1834CC520077A4E7 /* UIKit.framework */; };
		09B616651834CC530077A4E7 /* InfoPlist.strings in Resources */ = {isa = PBXBuildFile; fileRef = 09B616631834CC530077A4E7 /* InfoPlist.strings */; };
		09B616671834CC530077A4E7 /* main.m in Sources */ = {isa = PBXBuildFile; fileRef = 09B616661834CC530077A4E7 /* main.m */; };
		09B6166B1834CC530077A4E7 /* AppDelegate.m in Sources */ = {isa = PBXBuildFile; fileRef = 09B6166A1834CC530077A4E7 /* AppDelegate.m */; };
		09B6166E1834CC530077A4E7 /* Main_iPhone.storyboard in Resources */ = {isa = PBXBuildFile; fileRef = 09B6166C1834CC530077A4E7 /* Main_iPhone.storyboard */; };
		09B616711834CC530077A4E7 /* Main_iPad.storyboard in Resources */ = {isa = PBXBuildFile; fileRef = 09B6166F1834CC530077A4E7 /* Main_iPad.storyboard */; };
		09B616741834CC530077A4E7 /* ViewController.m in Sources */ = {isa = PBXBuildFile; fileRef = 09B616731834CC530077A4E7 /* ViewController.m */; };
		09B616761834CC530077A4E7 /* Images.xcassets in Resources */ = {isa = PBXBuildFile; fileRef = 09B616751834CC530077A4E7 /* Images.xcassets */; };
		09B6167D1834CC530077A4E7 /* XCTest.framework in Frameworks */ = {isa = PBXBuildFile; fileRef = 09B6167C1834CC530077A4E7 /* XCTest.framework */; };
		09B6167E1834CC530077A4E7 /* Foundation.framework in Frameworks */ = {isa = PBXBuildFile; fileRef = 09B6165A1834CC520077A4E7 /* Foundation.framework */; };
		09B6167F1834CC530077A4E7 /* UIKit.framework in Frameworks */ = {isa = PBXBuildFile; fileRef = 09B6165E1834CC520077A4E7 /* UIKit.framework */; };
		09B616871834CC530077A4E7 /* InfoPlist.strings in Resources */ = {isa = PBXBuildFile; fileRef = 09B616851834CC530077A4E7 /* InfoPlist.strings */; };
		09B616891834CC530077A4E7 /* hello_iosTests.m in Sources */ = {isa = PBXBuildFile; fileRef = 09B616881834CC530077A4E7 /* hello_iosTests.m */; };
/* End PBXBuildFile section */

/* Begin PBXContainerItemProxy section */
		09B616801834CC530077A4E7 /* PBXContainerItemProxy */ = {
			isa = PBXContainerItemProxy;
			containerPortal = 09B6164F1834CC520077A4E7 /* Project object */;
			proxyType = 1;
			remoteGlobalIDString = 09B616561834CC520077A4E7;
			remoteInfo = "hello-ios";
		};
/* End PBXContainerItemProxy section */

/* Begin PBXFileReference section */
		09B616571834CC520077A4E7 /* hello-ios.app */ = {isa = PBXFileReference; explicitFileType = wrapper.application; includeInIndex = 0; path = "hello-ios.app"; sourceTree = BUILT_PRODUCTS_DIR; };
		09B6165A1834CC520077A4E7 /* Foundation.framework */ = {isa = PBXFileReference; lastKnownFileType = wrapper.framework; name = Foundation.framework; path = System/Library/Frameworks/Foundation.framework; sourceTree = SDKROOT; };
		09B6165C1834CC520077A4E7 /* CoreGraphics.framework */ = {isa = PBXFileReference; lastKnownFileType = wrapper.framework; name = CoreGraphics.framework; path = System/Library/Frameworks/CoreGraphics.framework; sourceTree = SDKROOT; };
		09B6165E1834CC520077A4E7 /* UIKit.framework */ = {isa = PBXFileReference; lastKnownFileType = wrapper.framework; name = UIKit.framework; path = System/Library/Frameworks/UIKit.framework; sourceTree = SDKROOT; };
		09B616621834CC530077A4E7 /* hello-ios-Info.plist */ = {isa = PBXFileReference; lastKnownFileType = text.plist.xml; path = "hello-ios-Info.plist"; sourceTree = "<group>"; };
		09B616641834CC530077A4E7 /* en */ = {isa = PBXFileReference; lastKnownFileType = text.plist.strings; name = en; path = en.lproj/InfoPlist.strings; sourceTree = "<group>"; };
		09B616661834CC530077A4E7 /* main.m */ = {isa = PBXFileReference; lastKnownFileType = sourcecode.c.objc; path = main.m; sourceTree = "<group>"; };
		09B616681834CC530077A4E7 /* hello-ios-Prefix.pch */ = {isa = PBXFileReference; lastKnownFileType = sourcecode.c.h; path = "hello-ios-Prefix.pch"; sourceTree = "<group>"; };
		09B616691834CC530077A4E7 /* AppDelegate.h */ = {isa = PBXFileReference; lastKnownFileType = sourcecode.c.h; path = AppDelegate.h; sourceTree = "<group>"; };
		09B6166A1834CC530077A4E7 /* AppDelegate.m */ = {isa = PBXFileReference; lastKnownFileType = sourcecode.c.objc; path = AppDelegate.m; sourceTree = "<group>"; };
		09B6166D1834CC530077A4E7 /* Base */ = {isa = PBXFileReference; lastKnownFileType = file.storyboard; name = Base; path = Base.lproj/Main_iPhone.storyboard; sourceTree = "<group>"; };
		09B616701834CC530077A4E7 /* Base */ = {isa = PBXFileReference; lastKnownFileType = file.storyboard; name = Base; path = Base.lproj/Main_iPad.storyboard; sourceTree = "<group>"; };
		09B616721834CC530077A4E7 /* ViewController.h */ = {isa = PBXFileReference; lastKnownFileType = sourcecode.c.h; path = ViewController.h; sourceTree = "<group>"; };
		09B616731834CC530077A4E7 /* ViewController.m */ = {isa = PBXFileReference; lastKnownFileType = sourcecode.c.objc; path = ViewController.m; sourceTree = "<group>"; };
		09B616751834CC530077A4E7 /* Images.xcassets */ = {isa = PBXFileReference; lastKnownFileType = folder.assetcatalog; path = Images.xcassets; sourceTree = "<group>"; };
		09B6167B1834CC530077A4E7 /* hello-iosTests.xctest */ = {isa = PBXFileReference; explicitFileType = wrapper.cfbundle; includeInIndex = 0; path = "hello-iosTests.xctest"; sourceTree = BUILT_PRODUCTS_DIR; };
		09B6167C1834CC530077A4E7 /* XCTest.framework */ = {isa = PBXFileReference; lastKnownFileType = wrapper.framework; name = XCTest.framework; path = Library/Frameworks/XCTest.framework; sourceTree = DEVELOPER_DIR; };
		09B616841834CC530077A4E7 /* hello-iosTests-Info.plist */ = {isa = PBXFileReference; lastKnownFileType = text.plist.xml; path = "hello-iosTests-Info.plist"; sourceTree = "<group>"; };
		09B616861834CC530077A4E7 /* en */ = {isa = PBXFileReference; lastKnownFileType = text.plist.strings; name = en; path = en.lproj/InfoPlist.strings; sourceTree = "<group>"; };
		09B616881834CC530077A4E7 /* hello_iosTests.m */ = {isa = PBXFileReference; lastKnownFileType = sourcecode.c.objc; path = hello_iosTests.m; sourceTree = "<group>"; };
/* End PBXFileReference section */

/* Begin PBXFrameworksBuildPhase section */
		09B616541834CC520077A4E7 /* Frameworks */ = {
			isa = PBXFrameworksBuildPhase;
			buildActionMask = 2147483647;
			files = (
				09B6165D1834CC520077A4E7 /* CoreGraphics.framework in Frameworks */,
				09B6165F1834CC520077A4E7 /* UIKit.framework in Frameworks */,
				09B6165B1834CC520077A4E7 /* Foundation.framework in Frameworks */,
			);
			runOnlyForDeploymentPostprocessing = 0;
		};
		09B616781834CC530077A4E7 /* Frameworks */ = {
			isa = PBXFrameworksBuildPhase;
			buildActionMask = 2147483647;
			files = (
				09B6167D1834CC530077A4E7 /* XCTest.framework in Frameworks */,
				09B6167F1834CC530077A4E7 /* UIKit.framework in Frameworks */,
				09B6167E1834CC530077A4E7 /* Foundation.framework in Frameworks */,
			);
			runOnlyForDeploymentPostprocessing = 0;
		};
/* End PBXFrameworksBuildPhase section */

/* Begin PBXGroup section */
		09B6164E1834CC520077A4E7 = {
			isa = PBXGroup;
			children = (
				09B616601834CC530077A4E7 /* hello-ios */,
				09B616821834CC530077A4E7 /* hello-iosTests */,
				09B616591834CC520077A4E7 /* Frameworks */,
				09B616581834CC520077A4E7 /* Products */,
			);
			sourceTree = "<group>";
		};
		09B616581834CC520077A4E7 /* Products */ = {
			isa = PBXGroup;
			children = (
				09B616571834CC520077A4E7 /* hello-ios.app */,
				09B6167B1834CC530077A4E7 /* hello-iosTests.xctest */,
			);
			name = Products;
			sourceTree = "<group>";
		};
		09B616591834CC520077A4E7 /* Frameworks */ = {
			isa = PBXGroup;
			children = (
				09B6165A1834CC520077A4E7 /* Foundation.framework */,
				09B6165C1834CC520077A4E7 /* CoreGraphics.framework */,
				09B6165E1834CC520077A4E7 /* UIKit.framework */,
				09B6167C1834CC530077A4E7 /* XCTest.framework */,
			);
			name = Frameworks;
			sourceTree = "<group>";
		};
		09B616601834CC530077A4E7 /* hello-ios */ = {
			isa = PBXGroup;
			children = (
				09B616691834CC530077A4E7 /* AppDelegate.h */,
				09B6166A1834CC530077A4E7 /* AppDelegate.m */,
				09B6166C1834CC530077A4E7 /* Main_iPhone.storyboard */,
				09B6166F1834CC530077A4E7 /* Main_iPad.storyboard */,
				09B616721834CC530077A4E7 /* ViewController.h */,
				09B616731834CC530077A4E7 /* ViewController.m */,
				09B616751834CC530077A4E7 /* Images.xcassets */,
				09B616611834CC530077A4E7 /* Supporting Files */,
			);
			path = "hello-ios";
			sourceTree = "<group>";
		};
		09B616611834CC530077A4E7 /* Supporting Files */ = {
			isa = PBXGroup;
			children = (
				09B616621834CC530077A4E7 /* hello-ios-Info.plist */,
				09B616631834CC530077A4E7 /* InfoPlist.strings */,
				09B616661834CC530077A4E7 /* main.m */,
				09B616681834CC530077A4E7 /* hello-ios-Prefix.pch */,
			);
			name = "Supporting Files";
			sourceTree = "<group>";
		};
		09B616821834CC530077A4E7 /* hello-iosTests */ = {
			isa = PBXGroup;
			children = (
				09B616881834CC530077A4E7 /* hello_iosTests.m */,
				09B616831834CC530077A4E7 /* Supporting Files */,
			);
			path = "hello-iosTests";
			sourceTree = "<group>";
		};
		09B616831834CC530077A4E7 /* Supporting Files */ = {
			isa = PBXGroup;
			children = (
				09B616841834CC530077A4E7 /* hello-iosTests-Info.plist */,
				09B616851834CC530077A4E7 /* InfoPlist.strings */,
			);
			name = "Supporting Files";
			sourceTree = "<group>";
		};
/* End PBXGroup section */

/* Begin PBXNativeTarget section */
		09B616561834CC520077A4E7 /* hello-ios */ = {
			isa = PBXNativeTarget;
			buildConfigurationList = 09B6168C1834CC530077A4E7 /* Build configuration list for PBXNativeTarget "hello-ios" */;
			buildPhases = (
				09B616531834CC520077A4E7 /* Sources */,
				09B616541834CC520077A4E7 /* Frameworks */,
				09B616551834CC520077A4E7 /* Resources */,
			);
			buildRules = (
			);
			dependencies = (
			);
			name = "hello-ios";
			productName = "hello-ios";
			productReference = 09B616571834CC520077A4E7 /* hello-ios.app */;
			productType = "com.apple.product-type.application";
		};
		09B6167A1834CC530077A4E7 /* hello-iosTests */ = {
			isa = PBXNativeTarget;
			buildConfigurationList = 09B6168F1834CC530077A4E7 /* Build configuration list for PBXNativeTarget "hello-iosTests" */;
			buildPhases = (
				09B616771834CC530077A4E7 /* Sources */,
				09B616781834CC530077A4E7 /* Frameworks */,
				09B616791834CC530077A4E7 /* Resources */,
			);
			buildRules = (
			);
			dependencies = (
				09B616811834CC530077A4E7 /* PBXTargetDependency */,
			);
			name = "hello-iosTests";
			productName = "hello-iosTests";
			productReference = 09B6167B1834CC530077A4E7 /* hello-iosTests.xctest */;
			productType = "com.apple.product-type.bundle.unit-test";
		};
/* End PBXNativeTarget section */

/* Begin PBXProject section */
		09B6164F1834CC520077A4E7 /* Project object */ = {
			isa = PBXProject;
			attributes = {
				LastUpgradeCheck = 0500;
				ORGANIZATIONNAME = "Jason Weaver";
				TargetAttributes = {
					09B6167A1834CC530077A4E7 = {
						TestTargetID = 09B616561834CC520077A4E7;
					};
				};
			};
			buildConfigurationList = 09B616521834CC520077A4E7 /* Build configuration list for PBXProject "hello-ios" */;
			compatibilityVersion = "Xcode 3.2";
			developmentRegion = English;
			hasScannedForEncodings = 0;
			knownRegions = (
				en,
				Base,
			);
			mainGroup = 09B6164E1834CC520077A4E7;
			productRefGroup = 09B616581834CC520077A4E7 /* Products */;
			projectDirPath = "";
			projectRoot = "";
			targets = (
				09B616561834CC520077A4E7 /* hello-ios */,
				09B6167A1834CC530077A4E7 /* hello-iosTests */,
			);
		};
/* End PBXProject section */

/* Begin PBXResourcesBuildPhase section */
		09B616551834CC520077A4E7 /* Resources */ = {
			isa = PBXResourcesBuildPhase;
			buildActionMask = 2147483647;
			files = (
				09B616711834CC530077A4E7 /* Main_iPad.storyboard in Resources */,
				09B616761834CC530077A4E7 /* Images.xcassets in Resources */,
				09B6166E1834CC530077A4E7 /* Main_iPhone.storyboard in Resources */,
				09B616651834CC530077A4E7 /* InfoPlist.strings in Resources */,
			);
			runOnlyForDeploymentPostprocessing = 0;
		};
		09B616791834CC530077A4E7 /* Resources */ = {
			isa = PBXResourcesBuildPhase;
			buildActionMask = 2147483647;
			files = (
				09B616871834CC530077A4E7 /* InfoPlist.strings in Resources */,
			);
			runOnlyForDeploymentPostprocessing = 0;
		};
/* End PBXResourcesBuildPhase section */

/* Begin PBXSourcesBuildPhase section */
		09B616531834CC520077A4E7 /* Sources */ = {
			isa = PBXSourcesBuildPhase;
			buildActionMask = 2147483647;
			files = (
				09B616741834CC530077A4E7 /* ViewController.m in Sources */,
				09B6166B1834CC530077A4E7 /* AppDelegate.m in Sources */,
				09B616671834CC530077A4E7 /* main.m in Sources */,
			);
			runOnlyForDeploymentPostprocessing = 0;
		};
		09B616771834CC530077A4E7 /* Sources */ = {
			isa = PBXSourcesBuildPhase;
			buildActionMask = 2147483647;
			files = (
				09B616891834CC530077A4E7 /* hello_iosTests.m in Sources */,
			);
			runOnlyForDeploymentPostprocessing = 0;
		};
/* End PBXSourcesBuildPhase section */

/* Begin PBXTargetDependency section */
		09B616811834CC530077A4E7 /* PBXTargetDependency */ = {
			isa = PBXTargetDependency;
			target = 09B616561834CC520077A4E7 /* hello-ios */;
			targetProxy = 09B616801834CC530077A4E7 /* PBXContainerItemProxy */;
		};
/* End PBXTargetDependency section */

/* Begin PBXVariantGroup section */
		09B616631834CC530077A4E7 /* InfoPlist.strings */ = {
			isa = PBXVariantGroup;
			children = (
				09B616641834CC530077A4E7 /* en */,
			);
			name = InfoPlist.strings;
			sourceTree = "<group>";
		};
		09B6166C1834CC530077A4E7 /* Main_iPhone.storyboard */ = {
			isa = PBXVariantGroup;
			children = (
				09B6166D1834CC530077A4E7 /* Base */,
			);
			name = Main_iPhone.storyboard;
			sourceTree = "<group>";
		};
		09B6166F1834CC530077A4E7 /* Main_iPad.storyboard */ = {
			isa = PBXVariantGroup;
			children = (
				09B616701834CC530077A4E7 /* Base */,
			);
			name = Main_iPad.storyboard;
			sourceTree = "<group>";
		};
		09B616851834CC530077A4E7 /* InfoPlist.strings */ = {
			isa = PBXVariantGroup;
			children = (
				09B616861834CC530077A4E7 /* en */,
			);
			name = InfoPlist.strings;
			sourceTree = "<group>";
		};
/* End PBXVariantGroup section */

/* Begin XCBuildConfiguration section */
		09B6168A1834CC530077A4E7 /* Debug */ = {
			isa = XCBuildConfiguration;
			buildSettings = {
				ALWAYS_SEARCH_USER_PATHS = NO;
				ARCHS = "$(ARCHS_STANDARD_INCLUDING_64_BIT)";
				CLANG_CXX_LANGUAGE_STANDARD = "gnu++0x";
				CLANG_CXX_LIBRARY = "libc++";
				CLANG_ENABLE_MODULES = YES;
				CLANG_ENABLE_OBJC_ARC = YES;
				CLANG_WARN_BOOL_CONVERSION = YES;
				CLANG_WARN_CONSTANT_CONVERSION = YES;
				CLANG_WARN_DIRECT_OBJC_ISA_USAGE = YES_ERROR;
				CLANG_WARN_EMPTY_BODY = YES;
				CLANG_WARN_ENUM_CONVERSION = YES;
				CLANG_WARN_INT_CONVERSION = YES;
				CLANG_WARN_OBJC_ROOT_CLASS = YES_ERROR;
				CLANG_WARN__DUPLICATE_METHOD_MATCH = YES;
				"CODE_SIGN_IDENTITY[sdk=iphoneos*]" = "iPhone Developer";
				COPY_PHASE_STRIP = NO;
				GCC_C_LANGUAGE_STANDARD = gnu99;
				GCC_DYNAMIC_NO_PIC = NO;
				GCC_OPTIMIZATION_LEVEL = 0;
				GCC_PREPROCESSOR_DEFINITIONS = (
					"DEBUG=1",
					"$(inherited)",
				);
				GCC_SYMBOLS_PRIVATE_EXTERN = NO;
				GCC_WARN_64_TO_32_BIT_CONVERSION = YES;
				GCC_WARN_ABOUT_RETURN_TYPE = YES_ERROR;
				GCC_WARN_UNDECLARED_SELECTOR = YES;
				GCC_WARN_UNINITIALIZED_AUTOS = YES;
				GCC_WARN_UNUSED_FUNCTION = YES;
				GCC_WARN_UNUSED_VARIABLE = YES;
				IPHONEOS_DEPLOYMENT_TARGET = 7.0;
				ONLY_ACTIVE_ARCH = YES;
				SDKROOT = iphoneos;
				TARGETED_DEVICE_FAMILY = "1,2";
			};
			name = Debug;
		};
		09B6168B1834CC530077A4E7 /* Release */ = {
			isa = XCBuildConfiguration;
			buildSettings = {
				ALWAYS_SEARCH_USER_PATHS = NO;
				ARCHS = "$(ARCHS_STANDARD_INCLUDING_64_BIT)";
				CLANG_CXX_LANGUAGE_STANDARD = "gnu++0x";
				CLANG_CXX_LIBRARY = "libc++";
				CLANG_ENABLE_MODULES = YES;
				CLANG_ENABLE_OBJC_ARC = YES;
				CLANG_WARN_BOOL_CONVERSION = YES;
				CLANG_WARN_CONSTANT_CONVERSION = YES;
				CLANG_WARN_DIRECT_OBJC_ISA_USAGE = YES_ERROR;
				CLANG_WARN_EMPTY_BODY = YES;
				CLANG_WARN_ENUM_CONVERSION = YES;
				CLANG_WARN_INT_CONVERSION = YES;
				CLANG_WARN_OBJC_ROOT_CLASS = YES_ERROR;
				CLANG_WARN__DUPLICATE_METHOD_MATCH = YES;
				"CODE_SIGN_IDENTITY[sdk=iphoneos*]" = "iPhone Developer";
				COPY_PHASE_STRIP = YES;
				ENABLE_NS_ASSERTIONS = NO;
				GCC_C_LANGUAGE_STANDARD = gnu99;
				GCC_WARN_64_TO_32_BIT_CONVERSION = YES;
				GCC_WARN_ABOUT_RETURN_TYPE = YES_ERROR;
				GCC_WARN_UNDECLARED_SELECTOR = YES;
				GCC_WARN_UNINITIALIZED_AUTOS = YES;
				GCC_WARN_UNUSED_FUNCTION = YES;
				GCC_WARN_UNUSED_VARIABLE = YES;
				IPHONEOS_DEPLOYMENT_TARGET = 7.0;
				SDKROOT = iphoneos;
				TARGETED_DEVICE_FAMILY = "1,2";
				VALIDATE_PRODUCT = YES;
			};
			name = Release;
		};
		09B6168D1834CC530077A4E7 /* Debug */ = {
			isa = XCBuildConfiguration;
			buildSettings = {
				ASSETCATALOG_COMPILER_APPICON_NAME = AppIcon;
				ASSETCATALOG_COMPILER_LAUNCHIMAGE_NAME = LaunchImage;
				GCC_PRECOMPILE_PREFIX_HEADER = YES;
				GCC_PREFIX_HEADER = "hello-ios/hello-ios-Prefix.pch";
				INFOPLIST_FILE = "hello-ios/hello-ios-Info.plist";
				PRODUCT_NAME = "$(TARGET_NAME)";
				WRAPPER_EXTENSION = app;
			};
			name = Debug;
		};
		09B6168E1834CC530077A4E7 /* Release */ = {
			isa = XCBuildConfiguration;
			buildSettings = {
				ASSETCATALOG_COMPILER_APPICON_NAME = AppIcon;
				ASSETCATALOG_COMPILER_LAUNCHIMAGE_NAME = LaunchImage;
				GCC_PRECOMPILE_PREFIX_HEADER = YES;
				GCC_PREFIX_HEADER = "hello-ios/hello-ios-Prefix.pch";
				INFOPLIST_FILE = "hello-ios/hello-ios-Info.plist";
				PRODUCT_NAME = "$(TARGET_NAME)";
				WRAPPER_EXTENSION = app;
			};
			name = Release;
		};
		09B616901834CC530077A4E7 /* Debug */ = {
			isa = XCBuildConfiguration;
			buildSettings = {
				ARCHS = "$(ARCHS_STANDARD_INCLUDING_64_BIT)";
				BUNDLE_LOADER = "$(BUILT_PRODUCTS_DIR)/hello-ios.app/hello-ios";
				FRAMEWORK_SEARCH_PATHS = (
					"$(SDKROOT)/Developer/Library/Frameworks",
					"$(inherited)",
					"$(DEVELOPER_FRAMEWORKS_DIR)",
				);
				GCC_PRECOMPILE_PREFIX_HEADER = YES;
				GCC_PREFIX_HEADER = "hello-ios/hello-ios-Prefix.pch";
				GCC_PREPROCESSOR_DEFINITIONS = (
					"DEBUG=1",
					"$(inherited)",
				);
				INFOPLIST_FILE = "hello-iosTests/hello-iosTests-Info.plist";
				PRODUCT_NAME = "$(TARGET_NAME)";
				TEST_HOST = "$(BUNDLE_LOADER)";
				WRAPPER_EXTENSION = xctest;
			};
			name = Debug;
		};
		09B616911834CC530077A4E7 /* Release */ = {
			isa = XCBuildConfiguration;
			buildSettings = {
				ARCHS = "$(ARCHS_STANDARD_INCLUDING_64_BIT)";
				BUNDLE_LOADER = "$(BUILT_PRODUCTS_DIR)/hello-ios.app/hello-ios";
				FRAMEWORK_SEARCH_PATHS = (
					"$(SDKROOT)/Developer/Library/Frameworks",
					"$(inherited)",
					"$(DEVELOPER_FRAMEWORKS_DIR)",
				);
				GCC_PRECOMPILE_PREFIX_HEADER = YES;
				GCC_PREFIX_HEADER = "hello-ios/hello-ios-Prefix.pch";
				INFOPLIST_FILE = "hello-iosTests/hello-iosTests-Info.plist";
				PRODUCT_NAME = "$(TARGET_NAME)";
				TEST_HOST = "$(BUNDLE_LOADER)";
				WRAPPER_EXTENSION = xctest;
			};
			name = Release;
		};
/* End XCBuildConfiguration section */

/* Begin XCConfigurationList section */
		09B616521834CC520077A4E7 /* Build configuration list for PBXProject "hello-ios" */ = {
			isa = XCConfigurationList;
			buildConfigurations = (
				09B6168A1834CC530077A4E7 /* Debug */,
				09B6168B1834CC530077A4E7 /* Release */,
			);
			defaultConfigurationIsVisible = 0;
			defaultConfigurationName = Release;
		};
		09B6168C1834CC530077A4E7 /* Build configuration list for PBXNativeTarget "hello-ios" */ = {
			isa = XCConfigurationList;
			buildConfigurations = (
				09B6168D1834CC530077A4E7 /* Debug */,
				09B6168E1834CC530077A4E7 /* Release */,
			);
			defaultConfigurationIsVisible = 0;
		};
		09B6168F1834CC530077A4E7 /* Build configuration list for PBXNativeTarget "hello-iosTests" */ = {
			isa = XCConfigurationList;
			buildConfigurations = (
				09B616901834CC530077A4E7 /* Debug */,
				09B616911834CC530077A4E7 /* Release */,
			);
			defaultConfigurationIsVisible = 0;
		};
/* End XCConfigurationList section */
	};
	rootObject = 09B6164F1834CC520077A4E7 /* Project object */;
}
